
Microsoft Visual Studio Solution File, Format Version 12.00
# Visual Studio Version 17
VisualStudioVersion = 17.14.36414.22 d17.14
MinimumVisualStudioVersion = 10.0.40219.1
Project("{888888A0-9F3D-457C-B088-3A5042F75D52}") = "AI Advent Challenge #9_Day1", "AI Advent Challenge #9_Day1\AI Advent Challenge #9_Day1.pyproj", "{E423F352-810D-45CD-A895-B6E6BAD4DE81}"
EndProject
Global
	GlobalSection(SolutionConfigurationPlatforms) = preSolution
		Debug|Any CPU = Debug|Any CPU
		Release|Any CPU = Release|Any CPU
	EndGlobalSection
	GlobalSection(ProjectConfigurationPlatforms) = postSolution
		{E423F352-810D-45CD-A895-B6E6BAD4DE81}.Debug|Any CPU.ActiveCfg = Debug|Any CPU
		{E423F352-810D-45CD-A895-B6E6BAD4DE81}.Release|Any CPU.ActiveCfg = Release|Any CPU
	EndGlobalSection
	GlobalSection(SolutionProperties) = preSolution
		HideSolutionNode = FALSE
	EndGlobalSection
	GlobalSection(ExtensibilityGlobals) = postSolution
		SolutionGuid = {EC6CF50D-6508-4324-9E93-B6A85567CFCD}
	EndGlobalSection
EndGlobal
